{
  "name": "lycheeamq",
  "version": "1.0.0",
  "lockfileVersion": 3,
  "requires": true,
  "packages": {
    "": {
      "name": "lycheeamq",
      "version": "1.0.0",
      "license": "ISC",
      "dependencies": {
        "rabbitmq-stream-js-client": "^0.4.2"
      }
    },
    "node_modules/rabbitmq-stream-js-client": {
      "version": "0.4.2",
      "resolved": "https://registry.npmjs.org/rabbitmq-stream-js-client/-/rabbitmq-stream-js-client-0.4.2.tgz",
      "integrity": "sha512-/hcTDZJ8oUnVZoWFwGbD278qZ7F2Yb4mSDmzUQ1kpZh+82C0xiCDa0+nYotGauwZXsXddjnyc5C6q6qaP2OU1A==",
      "license": "ISC",
      "dependencies": {
        "semver": "^7.5.4"
      }
    },
    "node_modules/semver": {
      "version": "7.6.3",
      "resolved": "https://registry.npmjs.org/semver/-/semver-7.6.3.tgz",
      "integrity": "sha512-oVekP1cKtI+CTDvHWYFUcMtsK/00wmAEfyqKfNdARm8u1wNVhSgaX7A8d4UuIlUI5e84iEwOhs7ZPYRmzU9U6A==",
      "license": "ISC",
      "bin": {
        "semver": "bin/semver.js"
      },
      "engines": {
        "node": ">=10"
      }
    }
  }
}
